
Microsoft Visual Studio Solution File, Format Version 12.00
# Visual Studio Version 17
VisualStudioVersion = 17.6.33723.286
MinimumVisualStudioVersion = 10.0.40219.1
Project("{FAE04EC0-301F-11D3-BF4B-00C04F79EFBC}") = "E-Books", "E-Books\E-Books.csproj", "{CB7642BA-791D-4A5D-BCAC-A78FC1193953}"
EndProject
Global
	GlobalSection(SolutionConfigurationPlatforms) = preSolution
		Debug|Any CPU = Debug|Any CPU
		Release|Any CPU = Release|Any CPU
	EndGlobalSection
	GlobalSection(ProjectConfigurationPlatforms) = postSolution
		{CB7642BA-791D-4A5D-BCAC-A78FC1193953}.Debug|Any CPU.ActiveCfg = Debug|Any CPU
		{CB7642BA-791D-4A5D-BCAC-A78FC1193953}.Debug|Any CPU.Build.0 = Debug|Any CPU
		{CB7642BA-791D-4A5D-BCAC-A78FC1193953}.Release|Any CPU.ActiveCfg = Release|Any CPU
		{CB7642BA-791D-4A5D-BCAC-A78FC1193953}.Release|Any CPU.Build.0 = Release|Any CPU
	EndGlobalSection
	GlobalSection(SolutionProperties) = preSolution
		HideSolutionNode = FALSE
	EndGlobalSection
	GlobalSection(ExtensibilityGlobals) = postSolution
		SolutionGuid = {B11D53D2-44E2-450F-A41E-1D6334222512}
	EndGlobalSection
EndGlobal
